// !$*UTF8*$!
{
	archiveVersion = 1;
	classes = {
	};
	objectVersion = 50;
	objects = {

/* Begin PBXBuildFile section */
		2207B103221A6D5100D8B296 /* ContactError.swift in Sources */ = {isa = PBXBuildFile; fileRef = 2207B102221A6D5100D8B296 /* ContactError.swift */; };
		2207B105221A88F000D8B296 /* ListContactsPresenter.swift in Sources */ = {isa = PBXBuildFile; fileRef = 2207B104221A88F000D8B296 /* ListContactsPresenter.swift */; };
		2207B107221A92EE00D8B296 /* CreateEditContactViewController.swift in Sources */ = {isa = PBXBuildFile; fileRef = 2207B106221A92EE00D8B296 /* CreateEditContactViewController.swift */; };
		2207B109221AA0D500D8B296 /* CreateEditContactPresenter.swift in Sources */ = {isa = PBXBuildFile; fileRef = 2207B108221AA0D500D8B296 /* CreateEditContactPresenter.swift */; };
		223CAB2522167B9C00205D80 /* CreateContactInteractor.swift in Sources */ = {isa = PBXBuildFile; fileRef = 223CAB2422167B9C00205D80 /* CreateContactInteractor.swift */; };
		223CAB2822168CC000205D80 /* EditContactInteractor.swift in Sources */ = {isa = PBXBuildFile; fileRef = 223CAB2722168CC000205D80 /* EditContactInteractor.swift */; };
		2254F4B8221AC39400E8A59A /* ContactInfoViewController.swift in Sources */ = {isa = PBXBuildFile; fileRef = 2254F4B7221AC39400E8A59A /* ContactInfoViewController.swift */; };
		2254F4BA221AD54800E8A59A /* ContactInfoPresenter.swift in Sources */ = {isa = PBXBuildFile; fileRef = 2254F4B9221AD54800E8A59A /* ContactInfoPresenter.swift */; };
		227807A42218189500DA293C /* PersistenceError.swift in Sources */ = {isa = PBXBuildFile; fileRef = 227807A32218189500DA293C /* PersistenceError.swift */; };
		227807A72218195800DA293C /* ListContactsInteractor.swift in Sources */ = {isa = PBXBuildFile; fileRef = 227807A62218195800DA293C /* ListContactsInteractor.swift */; };
		227807AA2218282500DA293C /* DeleteContactInteractor.swift in Sources */ = {isa = PBXBuildFile; fileRef = 227807A92218282500DA293C /* DeleteContactInteractor.swift */; };
		2284020F22182E9700CCF08D /* DataStore.swift in Sources */ = {isa = PBXBuildFile; fileRef = 2284020E22182E9700CCF08D /* DataStore.swift */; };
		228D8A29221C57B400EB5C4F /* Extension+String+Int.swift in Sources */ = {isa = PBXBuildFile; fileRef = 228D8A28221C57B400EB5C4F /* Extension+String+Int.swift */; };
		22DCF2B5221579AE0070E014 /* AppDelegate.swift in Sources */ = {isa = PBXBuildFile; fileRef = 22DCF2B4221579AE0070E014 /* AppDelegate.swift */; };
		22DCF2B7221579AE0070E014 /* ListContactsViewController.swift in Sources */ = {isa = PBXBuildFile; fileRef = 22DCF2B6221579AE0070E014 /* ListContactsViewController.swift */; };
		22DCF2BA221579AE0070E014 /* Main.storyboard in Resources */ = {isa = PBXBuildFile; fileRef = 22DCF2B8221579AE0070E014 /* Main.storyboard */; };
		22DCF2BC221579B30070E014 /* Assets.xcassets in Resources */ = {isa = PBXBuildFile; fileRef = 22DCF2BB221579B30070E014 /* Assets.xcassets */; };
		22DCF2BF221579B30070E014 /* LaunchScreen.storyboard in Resources */ = {isa = PBXBuildFile; fileRef = 22DCF2BD221579B30070E014 /* LaunchScreen.storyboard */; };
		22DCF2CA22157F200070E014 /* Contact.swift in Sources */ = {isa = PBXBuildFile; fileRef = 22DCF2C922157F200070E014 /* Contact.swift */; };
		22DCF2CD221580580070E014 /* UseCase.swift in Sources */ = {isa = PBXBuildFile; fileRef = 22DCF2CC221580580070E014 /* UseCase.swift */; };
		22DCF2D02215815B0070E014 /* Extension+Sequence.swift in Sources */ = {isa = PBXBuildFile; fileRef = 22DCF2CF2215815B0070E014 /* Extension+Sequence.swift */; };
		22DCF2D2221581AE0070E014 /* OptionalType.swift in Sources */ = {isa = PBXBuildFile; fileRef = 22DCF2D1221581AE0070E014 /* OptionalType.swift */; };
		3C05F97B2219884900F4EC67 /* ContactResponse.swift in Sources */ = {isa = PBXBuildFile; fileRef = 3C05F97A2219884900F4EC67 /* ContactResponse.swift */; };
		3CD0259322192D5000660292 /* Result.swift in Sources */ = {isa = PBXBuildFile; fileRef = 3CD0259222192D5000660292 /* Result.swift */; };
		3CD025962219301800660292 /* ContactInfoInteractor.swift in Sources */ = {isa = PBXBuildFile; fileRef = 3CD025952219301800660292 /* ContactInfoInteractor.swift */; };
/* End PBXBuildFile section */

/* Begin PBXFileReference section */
		2207B102221A6D5100D8B296 /* ContactError.swift */ = {isa = PBXFileReference; lastKnownFileType = sourcecode.swift; path = ContactError.swift; sourceTree = "<group>"; };
		2207B104221A88F000D8B296 /* ListContactsPresenter.swift */ = {isa = PBXFileReference; lastKnownFileType = sourcecode.swift; path = ListContactsPresenter.swift; sourceTree = "<group>"; };
		2207B106221A92EE00D8B296 /* CreateEditContactViewController.swift */ = {isa = PBXFileReference; lastKnownFileType = sourcecode.swift; path = CreateEditContactViewController.swift; sourceTree = "<group>"; };
		2207B108221AA0D500D8B296 /* CreateEditContactPresenter.swift */ = {isa = PBXFileReference; lastKnownFileType = sourcecode.swift; path = CreateEditContactPresenter.swift; sourceTree = "<group>"; };
		223CAB2422167B9C00205D80 /* CreateContactInteractor.swift */ = {isa = PBXFileReference; lastKnownFileType = sourcecode.swift; path = CreateContactInteractor.swift; sourceTree = "<group>"; };
		223CAB2722168CC000205D80 /* EditContactInteractor.swift */ = {isa = PBXFileReference; lastKnownFileType = sourcecode.swift; path = EditContactInteractor.swift; sourceTree = "<group>"; };
		2254F4B7221AC39400E8A59A /* ContactInfoViewController.swift */ = {isa = PBXFileReference; lastKnownFileType = sourcecode.swift; path = ContactInfoViewController.swift; sourceTree = "<group>"; };
		2254F4B9221AD54800E8A59A /* ContactInfoPresenter.swift */ = {isa = PBXFileReference; lastKnownFileType = sourcecode.swift; path = ContactInfoPresenter.swift; sourceTree = "<group>"; };
		227807A32218189500DA293C /* PersistenceError.swift */ = {isa = PBXFileReference; lastKnownFileType = sourcecode.swift; path = PersistenceError.swift; sourceTree = "<group>"; };
		227807A62218195800DA293C /* ListContactsInteractor.swift */ = {isa = PBXFileReference; lastKnownFileType = sourcecode.swift; path = ListContactsInteractor.swift; sourceTree = "<group>"; };
		227807A92218282500DA293C /* DeleteContactInteractor.swift */ = {isa = PBXFileReference; lastKnownFileType = sourcecode.swift; path = DeleteContactInteractor.swift; sourceTree = "<group>"; };
		2284020E22182E9700CCF08D /* DataStore.swift */ = {isa = PBXFileReference; lastKnownFileType = sourcecode.swift; path = DataStore.swift; sourceTree = "<group>"; };
		228D8A28221C57B400EB5C4F /* Extension+String+Int.swift */ = {isa = PBXFileReference; lastKnownFileType = sourcecode.swift; path = "Extension+String+Int.swift"; sourceTree = "<group>"; };
		22DCF2B1221579AE0070E014 /* Contacts.app */ = {isa = PBXFileReference; explicitFileType = wrapper.application; includeInIndex = 0; path = Contacts.app; sourceTree = BUILT_PRODUCTS_DIR; };
		22DCF2B4221579AE0070E014 /* AppDelegate.swift */ = {isa = PBXFileReference; lastKnownFileType = sourcecode.swift; path = AppDelegate.swift; sourceTree = "<group>"; };
		22DCF2B6221579AE0070E014 /* ListContactsViewController.swift */ = {isa = PBXFileReference; lastKnownFileType = sourcecode.swift; path = ListContactsViewController.swift; sourceTree = "<group>"; };
		22DCF2B9221579AE0070E014 /* Base */ = {isa = PBXFileReference; lastKnownFileType = file.storyboard; name = Base; path = Base.lproj/Main.storyboard; sourceTree = "<group>"; };
		22DCF2BB221579B30070E014 /* Assets.xcassets */ = {isa = PBXFileReference; lastKnownFileType = folder.assetcatalog; path = Assets.xcassets; sourceTree = "<group>"; };
		22DCF2BE221579B30070E014 /* Base */ = {isa = PBXFileReference; lastKnownFileType = file.storyboard; name = Base; path = Base.lproj/LaunchScreen.storyboard; sourceTree = "<group>"; };
		22DCF2C0221579B30070E014 /* Info.plist */ = {isa = PBXFileReference; lastKnownFileType = text.plist.xml; path = Info.plist; sourceTree = "<group>"; };
		22DCF2C922157F200070E014 /* Contact.swift */ = {isa = PBXFileReference; lastKnownFileType = sourcecode.swift; path = Contact.swift; sourceTree = "<group>"; };
		22DCF2CC221580580070E014 /* UseCase.swift */ = {isa = PBXFileReference; lastKnownFileType = sourcecode.swift; path = UseCase.swift; sourceTree = "<group>"; };
		22DCF2CF2215815B0070E014 /* Extension+Sequence.swift */ = {isa = PBXFileReference; lastKnownFileType = sourcecode.swift; path = "Extension+Sequence.swift"; sourceTree = "<group>"; };
		22DCF2D1221581AE0070E014 /* OptionalType.swift */ = {isa = PBXFileReference; lastKnownFileType = sourcecode.swift; path = OptionalType.swift; sourceTree = "<group>"; };
		3C05F97A2219884900F4EC67 /* ContactResponse.swift */ = {isa = PBXFileReference; lastKnownFileType = sourcecode.swift; path = ContactResponse.swift; sourceTree = "<group>"; };
		3CD0259222192D5000660292 /* Result.swift */ = {isa = PBXFileReference; lastKnownFileType = sourcecode.swift; path = Result.swift; sourceTree = "<group>"; };
		3CD025952219301800660292 /* ContactInfoInteractor.swift */ = {isa = PBXFileReference; lastKnownFileType = sourcecode.swift; path = ContactInfoInteractor.swift; sourceTree = "<group>"; };
/* End PBXFileReference section */

/* Begin PBXFrameworksBuildPhase section */
		22DCF2AE221579AE0070E014 /* Frameworks */ = {
			isa = PBXFrameworksBuildPhase;
			buildActionMask = 2147483647;
			files = (
			);
			runOnlyForDeploymentPostprocessing = 0;
		};
/* End PBXFrameworksBuildPhase section */

/* Begin PBXGroup section */
		22018BA6221BD34F00FB66D8 /* Common */ = {
			isa = PBXGroup;
			children = (
				2207B106221A92EE00D8B296 /* CreateEditContactViewController.swift */,
				2207B108221AA0D500D8B296 /* CreateEditContactPresenter.swift */,
			);
			path = Common;
			sourceTree = "<group>";
		};
		223CAB2622168C9B00205D80 /* EditContact */ = {
			isa = PBXGroup;
			children = (
				223CAB2722168CC000205D80 /* EditContactInteractor.swift */,
			);
			path = EditContact;
			sourceTree = "<group>";
		};
		223CAB292216982B00205D80 /* DataStore */ = {
			isa = PBXGroup;
			children = (
				227807A32218189500DA293C /* PersistenceError.swift */,
				2284020E22182E9700CCF08D /* DataStore.swift */,
				228D8A28221C57B400EB5C4F /* Extension+String+Int.swift */,
			);
			path = DataStore;
			sourceTree = "<group>";
		};
		227807A52218191A00DA293C /* ListContacts */ = {
			isa = PBXGroup;
			children = (
				22DCF2B6221579AE0070E014 /* ListContactsViewController.swift */,
				227807A62218195800DA293C /* ListContactsInteractor.swift */,
				2207B104221A88F000D8B296 /* ListContactsPresenter.swift */,
			);
			path = ListContacts;
			sourceTree = "<group>";
		};
		227807A82218222700DA293C /* DeleteContact */ = {
			isa = PBXGroup;
			children = (
				227807A92218282500DA293C /* DeleteContactInteractor.swift */,
			);
			path = DeleteContact;
			sourceTree = "<group>";
		};
		22BC5255221D959E00174E79 /* Common */ = {
			isa = PBXGroup;
			children = (
				22DCF2C822157EC20070E014 /* Model */,
			);
			path = Common;
			sourceTree = "<group>";
		};
		22DCF2A8221579AE0070E014 = {
			isa = PBXGroup;
			children = (
				22DCF2B3221579AE0070E014 /* Contacts */,
				22DCF2B2221579AE0070E014 /* Products */,
			);
			sourceTree = "<group>";
		};
		22DCF2B2221579AE0070E014 /* Products */ = {
			isa = PBXGroup;
			children = (
				22DCF2B1221579AE0070E014 /* Contacts.app */,
			);
			name = Products;
			sourceTree = "<group>";
		};
		22DCF2B3221579AE0070E014 /* Contacts */ = {
			isa = PBXGroup;
			children = (
				22DCF2C622157E890070E014 /* UseCase */,
				223CAB292216982B00205D80 /* DataStore */,
				22BC5255221D959E00174E79 /* Common */,
				22DCF2CE221580FA0070E014 /* Extra */,
				22DCF2B4221579AE0070E014 /* AppDelegate.swift */,
				22DCF2B8221579AE0070E014 /* Main.storyboard */,
				22DCF2BB221579B30070E014 /* Assets.xcassets */,
				22DCF2BD221579B30070E014 /* LaunchScreen.storyboard */,
				22DCF2C0221579B30070E014 /* Info.plist */,
			);
			path = Contacts;
			sourceTree = "<group>";
		};
		22DCF2C622157E890070E014 /* UseCase */ = {
			isa = PBXGroup;
			children = (
				3CD0259422192FEF00660292 /* ContactInfo */,
				227807A82218222700DA293C /* DeleteContact */,
				227807A52218191A00DA293C /* ListContacts */,
				22DCF2C722157E9B0070E014 /* CreateContact */,
				223CAB2622168C9B00205D80 /* EditContact */,
				22018BA6221BD34F00FB66D8 /* Common */,
				22DCF2CC221580580070E014 /* UseCase.swift */,
				3C05F97A2219884900F4EC67 /* ContactResponse.swift */,
				2207B102221A6D5100D8B296 /* ContactError.swift */,
			);
			path = UseCase;
			sourceTree = "<group>";
		};
		22DCF2C722157E9B0070E014 /* CreateContact */ = {
			isa = PBXGroup;
			children = (
				223CAB2422167B9C00205D80 /* CreateContactInteractor.swift */,
			);
			path = CreateContact;
			sourceTree = "<group>";
		};
		22DCF2C822157EC20070E014 /* Model */ = {
			isa = PBXGroup;
			children = (
				22DCF2C922157F200070E014 /* Contact.swift */,
			);
			path = Model;
			sourceTree = "<group>";
		};
		22DCF2CE221580FA0070E014 /* Extra */ = {
			isa = PBXGroup;
			children = (
				22DCF2D1221581AE0070E014 /* OptionalType.swift */,
				22DCF2CF2215815B0070E014 /* Extension+Sequence.swift */,
				3CD0259222192D5000660292 /* Result.swift */,
			);
			path = Extra;
			sourceTree = "<group>";
		};
		3CD0259422192FEF00660292 /* ContactInfo */ = {
			isa = PBXGroup;
			children = (
				3CD025952219301800660292 /* ContactInfoInteractor.swift */,
				2254F4B7221AC39400E8A59A /* ContactInfoViewController.swift */,
				2254F4B9221AD54800E8A59A /* ContactInfoPresenter.swift */,
			);
			path = ContactInfo;
			sourceTree = "<group>";
		};
/* End PBXGroup section */

/* Begin PBXNativeTarget section */
		22DCF2B0221579AE0070E014 /* Contacts */ = {
			isa = PBXNativeTarget;
			buildConfigurationList = 22DCF2C3221579B30070E014 /* Build configuration list for PBXNativeTarget "Contacts" */;
			buildPhases = (
				22DCF2AD221579AE0070E014 /* Sources */,
				22DCF2AE221579AE0070E014 /* Frameworks */,
				22DCF2AF221579AE0070E014 /* Resources */,
			);
			buildRules = (
			);
			dependencies = (
			);
			name = Contacts;
			productName = Contacts;
			productReference = 22DCF2B1221579AE0070E014 /* Contacts.app */;
			productType = "com.apple.product-type.application";
		};
/* End PBXNativeTarget section */

/* Begin PBXProject section */
		22DCF2A9221579AE0070E014 /* Project object */ = {
			isa = PBXProject;
			attributes = {
				LastSwiftUpdateCheck = 1010;
				LastUpgradeCheck = 1010;
				ORGANIZATIONNAME = "Nitin Singh";
				TargetAttributes = {
					22DCF2B0221579AE0070E014 = {
						CreatedOnToolsVersion = 10.1;
					};
				};
			};
			buildConfigurationList = 22DCF2AC221579AE0070E014 /* Build configuration list for PBXProject "Contacts" */;
			compatibilityVersion = "Xcode 9.3";
			developmentRegion = en;
			hasScannedForEncodings = 0;
			knownRegions = (
				en,
				Base,
			);
			mainGroup = 22DCF2A8221579AE0070E014;
			productRefGroup = 22DCF2B2221579AE0070E014 /* Products */;
			projectDirPath = "";
			projectRoot = "";
			targets = (
				22DCF2B0221579AE0070E014 /* Contacts */,
			);
		};
/* End PBXProject section */

/* Begin PBXResourcesBuildPhase section */
		22DCF2AF221579AE0070E014 /* Resources */ = {
			isa = PBXResourcesBuildPhase;
			buildActionMask = 2147483647;
			files = (
				22DCF2BF221579B30070E014 /* LaunchScreen.storyboard in Resources */,
				22DCF2BC221579B30070E014 /* Assets.xcassets in Resources */,
				22DCF2BA221579AE0070E014 /* Main.storyboard in Resources */,
			);
			runOnlyForDeploymentPostprocessing = 0;
		};
/* End PBXResourcesBuildPhase section */

/* Begin PBXSourcesBuildPhase section */
		22DCF2AD221579AE0070E014 /* Sources */ = {
			isa = PBXSourcesBuildPhase;
			buildActionMask = 2147483647;
			files = (
				2284020F22182E9700CCF08D /* DataStore.swift in Sources */,
				3CD0259322192D5000660292 /* Result.swift in Sources */,
				227807A72218195800DA293C /* ListContactsInteractor.swift in Sources */,
				3CD025962219301800660292 /* ContactInfoInteractor.swift in Sources */,
				22DCF2D02215815B0070E014 /* Extension+Sequence.swift in Sources */,
				22DCF2CA22157F200070E014 /* Contact.swift in Sources */,
				22DCF2CD221580580070E014 /* UseCase.swift in Sources */,
				228D8A29221C57B400EB5C4F /* Extension+String+Int.swift in Sources */,
				2254F4BA221AD54800E8A59A /* ContactInfoPresenter.swift in Sources */,
				2207B109221AA0D500D8B296 /* CreateEditContactPresenter.swift in Sources */,
				223CAB2822168CC000205D80 /* EditContactInteractor.swift in Sources */,
				227807AA2218282500DA293C /* DeleteContactInteractor.swift in Sources */,
				22DCF2D2221581AE0070E014 /* OptionalType.swift in Sources */,
				223CAB2522167B9C00205D80 /* CreateContactInteractor.swift in Sources */,
				2207B105221A88F000D8B296 /* ListContactsPresenter.swift in Sources */,
				22DCF2B7221579AE0070E014 /* ListContactsViewController.swift in Sources */,
				227807A42218189500DA293C /* PersistenceError.swift in Sources */,
				2207B103221A6D5100D8B296 /* ContactError.swift in Sources */,
				2254F4B8221AC39400E8A59A /* ContactInfoViewController.swift in Sources */,
				3C05F97B2219884900F4EC67 /* ContactResponse.swift in Sources */,
				2207B107221A92EE00D8B296 /* CreateEditContactViewController.swift in Sources */,
				22DCF2B5221579AE0070E014 /* AppDelegate.swift in Sources */,
			);
			runOnlyForDeploymentPostprocessing = 0;
		};
/* End PBXSourcesBuildPhase section */

/* Begin PBXVariantGroup section */
		22DCF2B8221579AE0070E014 /* Main.storyboard */ = {
			isa = PBXVariantGroup;
			children = (
				22DCF2B9221579AE0070E014 /* Base */,
			);
			name = Main.storyboard;
			sourceTree = "<group>";
		};
		22DCF2BD221579B30070E014 /* LaunchScreen.storyboard */ = {
			isa = PBXVariantGroup;
			children = (
				22DCF2BE221579B30070E014 /* Base */,
			);
			name = LaunchScreen.storyboard;
			sourceTree = "<group>";
		};
/* End PBXVariantGroup section */

/* Begin XCBuildConfiguration section */
		22DCF2C1221579B30070E014 /* Debug */ = {
			isa = XCBuildConfiguration;
			buildSettings = {
				ALWAYS_SEARCH_USER_PATHS = NO;
				CLANG_ANALYZER_NONNULL = YES;
				CLANG_ANALYZER_NUMBER_OBJECT_CONVERSION = YES_AGGRESSIVE;
				CLANG_CXX_LANGUAGE_STANDARD = "gnu++14";
				CLANG_CXX_LIBRARY = "libc++";
				CLANG_ENABLE_MODULES = YES;
				CLANG_ENABLE_OBJC_ARC = YES;
				CLANG_ENABLE_OBJC_WEAK = YES;
				CLANG_WARN_BLOCK_CAPTURE_AUTORELEASING = YES;
				CLANG_WARN_BOOL_CONVERSION = YES;
				CLANG_WARN_COMMA = YES;
				CLANG_WARN_CONSTANT_CONVERSION = YES;
				CLANG_WARN_DEPRECATED_OBJC_IMPLEMENTATIONS = YES;
				CLANG_WARN_DIRECT_OBJC_ISA_USAGE = YES_ERROR;
				CLANG_WARN_DOCUMENTATION_COMMENTS = YES;
				CLANG_WARN_EMPTY_BODY = YES;
				CLANG_WARN_ENUM_CONVERSION = YES;
				CLANG_WARN_INFINITE_RECURSION = YES;
				CLANG_WARN_INT_CONVERSION = YES;
				CLANG_WARN_NON_LITERAL_NULL_CONVERSION = YES;
				CLANG_WARN_OBJC_IMPLICIT_RETAIN_SELF = YES;
				CLANG_WARN_OBJC_LITERAL_CONVERSION = YES;
				CLANG_WARN_OBJC_ROOT_CLASS = YES_ERROR;
				CLANG_WARN_RANGE_LOOP_ANALYSIS = YES;
				CLANG_WARN_STRICT_PROTOTYPES = YES;
				CLANG_WARN_SUSPICIOUS_MOVE = YES;
				CLANG_WARN_UNGUARDED_AVAILABILITY = YES_AGGRESSIVE;
				CLANG_WARN_UNREACHABLE_CODE = YES;
				CLANG_WARN__DUPLICATE_METHOD_MATCH = YES;
				CODE_SIGN_IDENTITY = "iPhone Developer";
				COPY_PHASE_STRIP = NO;
				DEBUG_INFORMATION_FORMAT = dwarf;
				ENABLE_STRICT_OBJC_MSGSEND = YES;
				ENABLE_TESTABILITY = YES;
				GCC_C_LANGUAGE_STANDARD = gnu11;
				GCC_DYNAMIC_NO_PIC = NO;
				GCC_NO_COMMON_BLOCKS = YES;
				GCC_OPTIMIZATION_LEVEL = 0;
				GCC_PREPROCESSOR_DEFINITIONS = (
					"DEBUG=1",
					"$(inherited)",
				);
				GCC_WARN_64_TO_32_BIT_CONVERSION = YES;
				GCC_WARN_ABOUT_RETURN_TYPE = YES_ERROR;
				GCC_WARN_UNDECLARED_SELECTOR = YES;
				GCC_WARN_UNINITIALIZED_AUTOS = YES_AGGRESSIVE;
				GCC_WARN_UNUSED_FUNCTION = YES;
				GCC_WARN_UNUSED_VARIABLE = YES;
				IPHONEOS_DEPLOYMENT_TARGET = 12.1;
				MTL_ENABLE_DEBUG_INFO = INCLUDE_SOURCE;
				MTL_FAST_MATH = YES;
				ONLY_ACTIVE_ARCH = YES;
				SDKROOT = iphoneos;
				SWIFT_ACTIVE_COMPILATION_CONDITIONS = DEBUG;
				SWIFT_OPTIMIZATION_LEVEL = "-Onone";
			};
			name = Debug;
		};
		22DCF2C2221579B30070E014 /* Release */ = {
			isa = XCBuildConfiguration;
			buildSettings = {
				ALWAYS_SEARCH_USER_PATHS = NO;
				CLANG_ANALYZER_NONNULL = YES;
				CLANG_ANALYZER_NUMBER_OBJECT_CONVERSION = YES_AGGRESSIVE;
				CLANG_CXX_LANGUAGE_STANDARD = "gnu++14";
				CLANG_CXX_LIBRARY = "libc++";
				CLANG_ENABLE_MODULES = YES;
				CLANG_ENABLE_OBJC_ARC = YES;
				CLANG_ENABLE_OBJC_WEAK = YES;
				CLANG_WARN_BLOCK_CAPTURE_AUTORELEASING = YES;
				CLANG_WARN_BOOL_CONVERSION = YES;
				CLANG_WARN_COMMA = YES;
				CLANG_WARN_CONSTANT_CONVERSION = YES;
				CLANG_WARN_DEPRECATED_OBJC_IMPLEMENTATIONS = YES;
				CLANG_WARN_DIRECT_OBJC_ISA_USAGE = YES_ERROR;
				CLANG_WARN_DOCUMENTATION_COMMENTS = YES;
				CLANG_WARN_EMPTY_BODY = YES;
				CLANG_WARN_ENUM_CONVERSION = YES;
				CLANG_WARN_INFINITE_RECURSION = YES;
				CLANG_WARN_INT_CONVERSION = YES;
				CLANG_WARN_NON_LITERAL_NULL_CONVERSION = YES;
				CLANG_WARN_OBJC_IMPLICIT_RETAIN_SELF = YES;
				CLANG_WARN_OBJC_LITERAL_CONVERSION = YES;
				CLANG_WARN_OBJC_ROOT_CLASS = YES_ERROR;
				CLANG_WARN_RANGE_LOOP_ANALYSIS = YES;
				CLANG_WARN_STRICT_PROTOTYPES = YES;
				CLANG_WARN_SUSPICIOUS_MOVE = YES;
				CLANG_WARN_UNGUARDED_AVAILABILITY = YES_AGGRESSIVE;
				CLANG_WARN_UNREACHABLE_CODE = YES;
				CLANG_WARN__DUPLICATE_METHOD_MATCH = YES;
				CODE_SIGN_IDENTITY = "iPhone Developer";
				COPY_PHASE_STRIP = NO;
				DEBUG_INFORMATION_FORMAT = "dwarf-with-dsym";
				ENABLE_NS_ASSERTIONS = NO;
				ENABLE_STRICT_OBJC_MSGSEND = YES;
				GCC_C_LANGUAGE_STANDARD = gnu11;
				GCC_NO_COMMON_BLOCKS = YES;
				GCC_WARN_64_TO_32_BIT_CONVERSION = YES;
				GCC_WARN_ABOUT_RETURN_TYPE = YES_ERROR;
				GCC_WARN_UNDECLARED_SELECTOR = YES;
				GCC_WARN_UNINITIALIZED_AUTOS = YES_AGGRESSIVE;
				GCC_WARN_UNUSED_FUNCTION = YES;
				GCC_WARN_UNUSED_VARIABLE = YES;
				IPHONEOS_DEPLOYMENT_TARGET = 12.1;
				MTL_ENABLE_DEBUG_INFO = NO;
				MTL_FAST_MATH = YES;
				SDKROOT = iphoneos;
				SWIFT_COMPILATION_MODE = wholemodule;
				SWIFT_OPTIMIZATION_LEVEL = "-O";
				VALIDATE_PRODUCT = YES;
			};
			name = Release;
		};
		22DCF2C4221579B30070E014 /* Debug */ = {
			isa = XCBuildConfiguration;
			buildSettings = {
				ASSETCATALOG_COMPILER_APPICON_NAME = AppIcon;
				CODE_SIGN_STYLE = Automatic;
				DEVELOPMENT_TEAM = C9LQ4NEELP;
				INFOPLIST_FILE = Contacts/Info.plist;
				LD_RUNPATH_SEARCH_PATHS = (
					"$(inherited)",
					"@executable_path/Frameworks",
				);
				PRODUCT_BUNDLE_IDENTIFIER = com.nitinvsingh.Contacts;
				PRODUCT_NAME = "$(TARGET_NAME)";
				SWIFT_VERSION = 4.2;
				TARGETED_DEVICE_FAMILY = "1,2";
			};
			name = Debug;
		};
		22DCF2C5221579B30070E014 /* Release */ = {
			isa = XCBuildConfiguration;
			buildSettings = {
				ASSETCATALOG_COMPILER_APPICON_NAME = AppIcon;
				CODE_SIGN_STYLE = Automatic;
				DEVELOPMENT_TEAM = C9LQ4NEELP;
				INFOPLIST_FILE = Contacts/Info.plist;
				LD_RUNPATH_SEARCH_PATHS = (
					"$(inherited)",
					"@executable_path/Frameworks",
				);
				PRODUCT_BUNDLE_IDENTIFIER = com.nitinvsingh.Contacts;
				PRODUCT_NAME = "$(TARGET_NAME)";
				SWIFT_VERSION = 4.2;
				TARGETED_DEVICE_FAMILY = "1,2";
			};
			name = Release;
		};
/* End XCBuildConfiguration section */

/* Begin XCConfigurationList section */
		22DCF2AC221579AE0070E014 /* Build configuration list for PBXProject "Contacts" */ = {
			isa = XCConfigurationList;
			buildConfigurations = (
				22DCF2C1221579B30070E014 /* Debug */,
				22DCF2C2221579B30070E014 /* Release */,
			);
			defaultConfigurationIsVisible = 0;
			defaultConfigurationName = Release;
		};
		22DCF2C3221579B30070E014 /* Build configuration list for PBXNativeTarget "Contacts" */ = {
			isa = XCConfigurationList;
			buildConfigurations = (
				22DCF2C4221579B30070E014 /* Debug */,
				22DCF2C5221579B30070E014 /* Release */,
			);
			defaultConfigurationIsVisible = 0;
			defaultConfigurationName = Release;
		};
/* End XCConfigurationList section */
	};
	rootObject = 22DCF2A9221579AE0070E014 /* Project object */;
}
